// !$*UTF8*$!
{
	archiveVersion = 1;
	classes = {
	};
	objectVersion = 50;
	objects = {

/* Begin PBXBuildFile section */
		133E960E25ABFFDC00BB1235 /* Tests_iOS.swift in Sources */ = {isa = PBXBuildFile; fileRef = 133E960D25ABFFDC00BB1235 /* Tests_iOS.swift */; };
		133E961925ABFFDC00BB1235 /* Tests_macOS.swift in Sources */ = {isa = PBXBuildFile; fileRef = 133E961825ABFFDC00BB1235 /* Tests_macOS.swift */; };
		133E961B25ABFFDC00BB1235 /* islandconquesetApp.swift in Sources */ = {isa = PBXBuildFile; fileRef = 133E95F225ABFFDB00BB1235 /* islandconquesetApp.swift */; };
		133E961C25ABFFDC00BB1235 /* islandconquesetApp.swift in Sources */ = {isa = PBXBuildFile; fileRef = 133E95F225ABFFDB00BB1235 /* islandconquesetApp.swift */; };
		133E961D25ABFFDC00BB1235 /* ContentView.swift in Sources */ = {isa = PBXBuildFile; fileRef = 133E95F325ABFFDB00BB1235 /* ContentView.swift */; };
		133E961E25ABFFDC00BB1235 /* ContentView.swift in Sources */ = {isa = PBXBuildFile; fileRef = 133E95F325ABFFDB00BB1235 /* ContentView.swift */; };
		133E961F25ABFFDC00BB1235 /* Assets.xcassets in Resources */ = {isa = PBXBuildFile; fileRef = 133E95F425ABFFDC00BB1235 /* Assets.xcassets */; };
		133E962025ABFFDC00BB1235 /* Assets.xcassets in Resources */ = {isa = PBXBuildFile; fileRef = 133E95F425ABFFDC00BB1235 /* Assets.xcassets */; };
/* End PBXBuildFile section */

/* Begin PBXContainerItemProxy section */
		133E960A25ABFFDC00BB1235 /* PBXContainerItemProxy */ = {
			isa = PBXContainerItemProxy;
			containerPortal = 133E95ED25ABFFDB00BB1235 /* Project object */;
			proxyType = 1;
			remoteGlobalIDString = 133E95F825ABFFDC00BB1235;
			remoteInfo = "islandconqueset (iOS)";
		};
		133E961525ABFFDC00BB1235 /* PBXContainerItemProxy */ = {
			isa = PBXContainerItemProxy;
			containerPortal = 133E95ED25ABFFDB00BB1235 /* Project object */;
			proxyType = 1;
			remoteGlobalIDString = 133E960025ABFFDC00BB1235;
			remoteInfo = "islandconqueset (macOS)";
		};
/* End PBXContainerItemProxy section */

/* Begin PBXFileReference section */
		133E95F225ABFFDB00BB1235 /* islandconquesetApp.swift */ = {isa = PBXFileReference; lastKnownFileType = sourcecode.swift; path = islandconquesetApp.swift; sourceTree = "<group>"; };
		133E95F325ABFFDB00BB1235 /* ContentView.swift */ = {isa = PBXFileReference; lastKnownFileType = sourcecode.swift; path = ContentView.swift; sourceTree = "<group>"; };
		133E95F425ABFFDC00BB1235 /* Assets.xcassets */ = {isa = PBXFileReference; lastKnownFileType = folder.assetcatalog; path = Assets.xcassets; sourceTree = "<group>"; };
		133E95F925ABFFDC00BB1235 /* islandconqueset.app */ = {isa = PBXFileReference; explicitFileType = wrapper.application; includeInIndex = 0; path = islandconqueset.app; sourceTree = BUILT_PRODUCTS_DIR; };
		133E95FC25ABFFDC00BB1235 /* Info.plist */ = {isa = PBXFileReference; lastKnownFileType = text.plist.xml; path = Info.plist; sourceTree = "<group>"; };
		133E960125ABFFDC00BB1235 /* islandconqueset.app */ = {isa = PBXFileReference; explicitFileType = wrapper.application; includeInIndex = 0; path = islandconqueset.app; sourceTree = BUILT_PRODUCTS_DIR; };
		133E960325ABFFDC00BB1235 /* Info.plist */ = {isa = PBXFileReference; lastKnownFileType = text.plist.xml; path = Info.plist; sourceTree = "<group>"; };
		133E960425ABFFDC00BB1235 /* macOS.entitlements */ = {isa = PBXFileReference; lastKnownFileType = text.plist.entitlements; path = macOS.entitlements; sourceTree = "<group>"; };
		133E960925ABFFDC00BB1235 /* Tests iOS.xctest */ = {isa = PBXFileReference; explicitFileType = wrapper.cfbundle; includeInIndex = 0; path = "Tests iOS.xctest"; sourceTree = BUILT_PRODUCTS_DIR; };
		133E960D25ABFFDC00BB1235 /* Tests_iOS.swift */ = {isa = PBXFileReference; lastKnownFileType = sourcecode.swift; path = Tests_iOS.swift; sourceTree = "<group>"; };
		133E960F25ABFFDC00BB1235 /* Info.plist */ = {isa = PBXFileReference; lastKnownFileType = text.plist.xml; path = Info.plist; sourceTree = "<group>"; };
		133E961425ABFFDC00BB1235 /* Tests macOS.xctest */ = {isa = PBXFileReference; explicitFileType = wrapper.cfbundle; includeInIndex = 0; path = "Tests macOS.xctest"; sourceTree = BUILT_PRODUCTS_DIR; };
		133E961825ABFFDC00BB1235 /* Tests_macOS.swift */ = {isa = PBXFileReference; lastKnownFileType = sourcecode.swift; path = Tests_macOS.swift; sourceTree = "<group>"; };
		133E961A25ABFFDC00BB1235 /* Info.plist */ = {isa = PBXFileReference; lastKnownFileType = text.plist.xml; path = Info.plist; sourceTree = "<group>"; };
/* End PBXFileReference section */

/* Begin PBXFrameworksBuildPhase section */
		133E95F625ABFFDC00BB1235 /* Frameworks */ = {
			isa = PBXFrameworksBuildPhase;
			buildActionMask = 2147483647;
			files = (
			);
			runOnlyForDeploymentPostprocessing = 0;
		};
		133E95FE25ABFFDC00BB1235 /* Frameworks */ = {
			isa = PBXFrameworksBuildPhase;
			buildActionMask = 2147483647;
			files = (
			);
			runOnlyForDeploymentPostprocessing = 0;
		};
		133E960625ABFFDC00BB1235 /* Frameworks */ = {
			isa = PBXFrameworksBuildPhase;
			buildActionMask = 2147483647;
			files = (
			);
			runOnlyForDeploymentPostprocessing = 0;
		};
		133E961125ABFFDC00BB1235 /* Frameworks */ = {
			isa = PBXFrameworksBuildPhase;
			buildActionMask = 2147483647;
			files = (
			);
			runOnlyForDeploymentPostprocessing = 0;
		};
/* End PBXFrameworksBuildPhase section */

/* Begin PBXGroup section */
		133E95EC25ABFFDB00BB1235 = {
			isa = PBXGroup;
			children = (
				133E95F125ABFFDB00BB1235 /* Shared */,
				133E95FB25ABFFDC00BB1235 /* iOS */,
				133E960225ABFFDC00BB1235 /* macOS */,
				133E960C25ABFFDC00BB1235 /* Tests iOS */,
				133E961725ABFFDC00BB1235 /* Tests macOS */,
				133E95FA25ABFFDC00BB1235 /* Products */,
			);
			sourceTree = "<group>";
		};
		133E95F125ABFFDB00BB1235 /* Shared */ = {
			isa = PBXGroup;
			children = (
				133E95F225ABFFDB00BB1235 /* islandconquesetApp.swift */,
				133E95F325ABFFDB00BB1235 /* ContentView.swift */,
				133E95F425ABFFDC00BB1235 /* Assets.xcassets */,
			);
			path = Shared;
			sourceTree = "<group>";
		};
		133E95FA25ABFFDC00BB1235 /* Products */ = {
			isa = PBXGroup;
			children = (
				133E95F925ABFFDC00BB1235 /* islandconqueset.app */,
				133E960125ABFFDC00BB1235 /* islandconqueset.app */,
				133E960925ABFFDC00BB1235 /* Tests iOS.xctest */,
				133E961425ABFFDC00BB1235 /* Tests macOS.xctest */,
			);
			name = Products;
			sourceTree = "<group>";
		};
		133E95FB25ABFFDC00BB1235 /* iOS */ = {
			isa = PBXGroup;
			children = (
				133E95FC25ABFFDC00BB1235 /* Info.plist */,
			);
			path = iOS;
			sourceTree = "<group>";
		};
		133E960225ABFFDC00BB1235 /* macOS */ = {
			isa = PBXGroup;
			children = (
				133E960325ABFFDC00BB1235 /* Info.plist */,
				133E960425ABFFDC00BB1235 /* macOS.entitlements */,
			);
			path = macOS;
			sourceTree = "<group>";
		};
		133E960C25ABFFDC00BB1235 /* Tests iOS */ = {
			isa = PBXGroup;
			children = (
				133E960D25ABFFDC00BB1235 /* Tests_iOS.swift */,
				133E960F25ABFFDC00BB1235 /* Info.plist */,
			);
			path = "Tests iOS";
			sourceTree = "<group>";
		};
		133E961725ABFFDC00BB1235 /* Tests macOS */ = {
			isa = PBXGroup;
			children = (
				133E961825ABFFDC00BB1235 /* Tests_macOS.swift */,
				133E961A25ABFFDC00BB1235 /* Info.plist */,
			);
			path = "Tests macOS";
			sourceTree = "<group>";
		};
/* End PBXGroup section */

/* Begin PBXNativeTarget section */
		133E95F825ABFFDC00BB1235 /* islandconqueset (iOS) */ = {
			isa = PBXNativeTarget;
			buildConfigurationList = 133E962325ABFFDC00BB1235 /* Build configuration list for PBXNativeTarget "islandconqueset (iOS)" */;
			buildPhases = (
				133E95F525ABFFDC00BB1235 /* Sources */,
				133E95F625ABFFDC00BB1235 /* Frameworks */,
				133E95F725ABFFDC00BB1235 /* Resources */,
			);
			buildRules = (
			);
			dependencies = (
			);
			name = "islandconqueset (iOS)";
			productName = "islandconqueset (iOS)";
			productReference = 133E95F925ABFFDC00BB1235 /* islandconqueset.app */;
			productType = "com.apple.product-type.application";
		};
		133E960025ABFFDC00BB1235 /* islandconqueset (macOS) */ = {
			isa = PBXNativeTarget;
			buildConfigurationList = 133E962625ABFFDC00BB1235 /* Build configuration list for PBXNativeTarget "islandconqueset (macOS)" */;
			buildPhases = (
				133E95FD25ABFFDC00BB1235 /* Sources */,
				133E95FE25ABFFDC00BB1235 /* Frameworks */,
				133E95FF25ABFFDC00BB1235 /* Resources */,
			);
			buildRules = (
			);
			dependencies = (
			);
			name = "islandconqueset (macOS)";
			productName = "islandconqueset (macOS)";
			productReference = 133E960125ABFFDC00BB1235 /* islandconqueset.app */;
			productType = "com.apple.product-type.application";
		};
		133E960825ABFFDC00BB1235 /* Tests iOS */ = {
			isa = PBXNativeTarget;
			buildConfigurationList = 133E962925ABFFDC00BB1235 /* Build configuration list for PBXNativeTarget "Tests iOS" */;
			buildPhases = (
				133E960525ABFFDC00BB1235 /* Sources */,
				133E960625ABFFDC00BB1235 /* Frameworks */,
				133E960725ABFFDC00BB1235 /* Resources */,
			);
			buildRules = (
			);
			dependencies = (
				133E960B25ABFFDC00BB1235 /* PBXTargetDependency */,
			);
			name = "Tests iOS";
			productName = "Tests iOS";
			productReference = 133E960925ABFFDC00BB1235 /* Tests iOS.xctest */;
			productType = "com.apple.product-type.bundle.ui-testing";
		};
		133E961325ABFFDC00BB1235 /* Tests macOS */ = {
			isa = PBXNativeTarget;
			buildConfigurationList = 133E962C25ABFFDC00BB1235 /* Build configuration list for PBXNativeTarget "Tests macOS" */;
			buildPhases = (
				133E961025ABFFDC00BB1235 /* Sources */,
				133E961125ABFFDC00BB1235 /* Frameworks */,
				133E961225ABFFDC00BB1235 /* Resources */,
			);
			buildRules = (
			);
			dependencies = (
				133E961625ABFFDC00BB1235 /* PBXTargetDependency */,
			);
			name = "Tests macOS";
			productName = "Tests macOS";
			productReference = 133E961425ABFFDC00BB1235 /* Tests macOS.xctest */;
			productType = "com.apple.product-type.bundle.ui-testing";
		};
/* End PBXNativeTarget section */

/* Begin PBXProject section */
		133E95ED25ABFFDB00BB1235 /* Project object */ = {
			isa = PBXProject;
			attributes = {
				LastSwiftUpdateCheck = 1230;
				LastUpgradeCheck = 1230;
				TargetAttributes = {
					133E95F825ABFFDC00BB1235 = {
						CreatedOnToolsVersion = 12.3;
					};
					133E960025ABFFDC00BB1235 = {
						CreatedOnToolsVersion = 12.3;
					};
					133E960825ABFFDC00BB1235 = {
						CreatedOnToolsVersion = 12.3;
						TestTargetID = 133E95F825ABFFDC00BB1235;
					};
					133E961325ABFFDC00BB1235 = {
						CreatedOnToolsVersion = 12.3;
						TestTargetID = 133E960025ABFFDC00BB1235;
					};
				};
			};
			buildConfigurationList = 133E95F025ABFFDB00BB1235 /* Build configuration list for PBXProject "islandconqueset" */;
			compatibilityVersion = "Xcode 9.3";
			developmentRegion = en;
			hasScannedForEncodings = 0;
			knownRegions = (
				en,
				Base,
			);
			mainGroup = 133E95EC25ABFFDB00BB1235;
			productRefGroup = 133E95FA25ABFFDC00BB1235 /* Products */;
			projectDirPath = "";
			projectRoot = "";
			targets = (
				133E95F825ABFFDC00BB1235 /* islandconqueset (iOS) */,
				133E960025ABFFDC00BB1235 /* islandconqueset (macOS) */,
				133E960825ABFFDC00BB1235 /* Tests iOS */,
				133E961325ABFFDC00BB1235 /* Tests macOS */,
			);
		};
/* End PBXProject section */

/* Begin PBXResourcesBuildPhase section */
		133E95F725ABFFDC00BB1235 /* Resources */ = {
			isa = PBXResourcesBuildPhase;
			buildActionMask = 2147483647;
			files = (
				133E961F25ABFFDC00BB1235 /* Assets.xcassets in Resources */,
			);
			runOnlyForDeploymentPostprocessing = 0;
		};
		133E95FF25ABFFDC00BB1235 /* Resources */ = {
			isa = PBXResourcesBuildPhase;
			buildActionMask = 2147483647;
			files = (
				133E962025ABFFDC00BB1235 /* Assets.xcassets in Resources */,
			);
			runOnlyForDeploymentPostprocessing = 0;
		};
		133E960725ABFFDC00BB1235 /* Resources */ = {
			isa = PBXResourcesBuildPhase;
			buildActionMask = 2147483647;
			files = (
			);
			runOnlyForDeploymentPostprocessing = 0;
		};
		133E961225ABFFDC00BB1235 /* Resources */ = {
			isa = PBXResourcesBuildPhase;
			buildActionMask = 2147483647;
			files = (
			);
			runOnlyForDeploymentPostprocessing = 0;
		};
/* End PBXResourcesBuildPhase section */

/* Begin PBXSourcesBuildPhase section */
		133E95F525ABFFDC00BB1235 /* Sources */ = {
			isa = PBXSourcesBuildPhase;
			buildActionMask = 2147483647;
			files = (
				133E961D25ABFFDC00BB1235 /* ContentView.swift in Sources */,
				133E961B25ABFFDC00BB1235 /* islandconquesetApp.swift in Sources */,
			);
			runOnlyForDeploymentPostprocessing = 0;
		};
		133E95FD25ABFFDC00BB1235 /* Sources */ = {
			isa = PBXSourcesBuildPhase;
			buildActionMask = 2147483647;
			files = (
				133E961E25ABFFDC00BB1235 /* ContentView.swift in Sources */,
				133E961C25ABFFDC00BB1235 /* islandconquesetApp.swift in Sources */,
			);
			runOnlyForDeploymentPostprocessing = 0;
		};
		133E960525ABFFDC00BB1235 /* Sources */ = {
			isa = PBXSourcesBuildPhase;
			buildActionMask = 2147483647;
			files = (
				133E960E25ABFFDC00BB1235 /* Tests_iOS.swift in Sources */,
			);
			runOnlyForDeploymentPostprocessing = 0;
		};
		133E961025ABFFDC00BB1235 /* Sources */ = {
			isa = PBXSourcesBuildPhase;
			buildActionMask = 2147483647;
			files = (
				133E961925ABFFDC00BB1235 /* Tests_macOS.swift in Sources */,
			);
			runOnlyForDeploymentPostprocessing = 0;
		};
/* End PBXSourcesBuildPhase section */

/* Begin PBXTargetDependency section */
		133E960B25ABFFDC00BB1235 /* PBXTargetDependency */ = {
			isa = PBXTargetDependency;
			target = 133E95F825ABFFDC00BB1235 /* islandconqueset (iOS) */;
			targetProxy = 133E960A25ABFFDC00BB1235 /* PBXContainerItemProxy */;
		};
		133E961625ABFFDC00BB1235 /* PBXTargetDependency */ = {
			isa = PBXTargetDependency;
			target = 133E960025ABFFDC00BB1235 /* islandconqueset (macOS) */;
			targetProxy = 133E961525ABFFDC00BB1235 /* PBXContainerItemProxy */;
		};
/* End PBXTargetDependency section */

/* Begin XCBuildConfiguration section */
		133E962125ABFFDC00BB1235 /* Debug */ = {
			isa = XCBuildConfiguration;
			buildSettings = {
				ALWAYS_SEARCH_USER_PATHS = NO;
				CLANG_ANALYZER_NONNULL = YES;
				CLANG_ANALYZER_NUMBER_OBJECT_CONVERSION = YES_AGGRESSIVE;
				CLANG_CXX_LANGUAGE_STANDARD = "gnu++14";
				CLANG_CXX_LIBRARY = "libc++";
				CLANG_ENABLE_MODULES = YES;
				CLANG_ENABLE_OBJC_ARC = YES;
				CLANG_ENABLE_OBJC_WEAK = YES;
				CLANG_WARN_BLOCK_CAPTURE_AUTORELEASING = YES;
				CLANG_WARN_BOOL_CONVERSION = YES;
				CLANG_WARN_COMMA = YES;
				CLANG_WARN_CONSTANT_CONVERSION = YES;
				CLANG_WARN_DEPRECATED_OBJC_IMPLEMENTATIONS = YES;
				CLANG_WARN_DIRECT_OBJC_ISA_USAGE = YES_ERROR;
				CLANG_WARN_DOCUMENTATION_COMMENTS = YES;
				CLANG_WARN_EMPTY_BODY = YES;
				CLANG_WARN_ENUM_CONVERSION = YES;
				CLANG_WARN_INFINITE_RECURSION = YES;
				CLANG_WARN_INT_CONVERSION = YES;
				CLANG_WARN_NON_LITERAL_NULL_CONVERSION = YES;
				CLANG_WARN_OBJC_IMPLICIT_RETAIN_SELF = YES;
				CLANG_WARN_OBJC_LITERAL_CONVERSION = YES;
				CLANG_WARN_OBJC_ROOT_CLASS = YES_ERROR;
				CLANG_WARN_QUOTED_INCLUDE_IN_FRAMEWORK_HEADER = YES;
				CLANG_WARN_RANGE_LOOP_ANALYSIS = YES;
				CLANG_WARN_STRICT_PROTOTYPES = YES;
				CLANG_WARN_SUSPICIOUS_MOVE = YES;
				CLANG_WARN_UNGUARDED_AVAILABILITY = YES_AGGRESSIVE;
				CLANG_WARN_UNREACHABLE_CODE = YES;
				CLANG_WARN__DUPLICATE_METHOD_MATCH = YES;
				COPY_PHASE_STRIP = NO;
				DEBUG_INFORMATION_FORMAT = dwarf;
				ENABLE_STRICT_OBJC_MSGSEND = YES;
				ENABLE_TESTABILITY = YES;
				GCC_C_LANGUAGE_STANDARD = gnu11;
				GCC_DYNAMIC_NO_PIC = NO;
				GCC_NO_COMMON_BLOCKS = YES;
				GCC_OPTIMIZATION_LEVEL = 0;
				GCC_PREPROCESSOR_DEFINITIONS = (
					"DEBUG=1",
					"$(inherited)",
				);
				GCC_WARN_64_TO_32_BIT_CONVERSION = YES;
				GCC_WARN_ABOUT_RETURN_TYPE = YES_ERROR;
				GCC_WARN_UNDECLARED_SELECTOR = YES;
				GCC_WARN_UNINITIALIZED_AUTOS = YES_AGGRESSIVE;
				GCC_WARN_UNUSED_FUNCTION = YES;
				GCC_WARN_UNUSED_VARIABLE = YES;
				MTL_ENABLE_DEBUG_INFO = INCLUDE_SOURCE;
				MTL_FAST_MATH = YES;
				ONLY_ACTIVE_ARCH = YES;
				SWIFT_ACTIVE_COMPILATION_CONDITIONS = DEBUG;
				SWIFT_OPTIMIZATION_LEVEL = "-Onone";
			};
			name = Debug;
		};
		133E962225ABFFDC00BB1235 /* Release */ = {
			isa = XCBuildConfiguration;
			buildSettings = {
				ALWAYS_SEARCH_USER_PATHS = NO;
				CLANG_ANALYZER_NONNULL = YES;
				CLANG_ANALYZER_NUMBER_OBJECT_CONVERSION = YES_AGGRESSIVE;
				CLANG_CXX_LANGUAGE_STANDARD = "gnu++14";
				CLANG_CXX_LIBRARY = "libc++";
				CLANG_ENABLE_MODULES = YES;
				CLANG_ENABLE_OBJC_ARC = YES;
				CLANG_ENABLE_OBJC_WEAK = YES;
				CLANG_WARN_BLOCK_CAPTURE_AUTORELEASING = YES;
				CLANG_WARN_BOOL_CONVERSION = YES;
				CLANG_WARN_COMMA = YES;
				CLANG_WARN_CONSTANT_CONVERSION = YES;
				CLANG_WARN_DEPRECATED_OBJC_IMPLEMENTATIONS = YES;
				CLANG_WARN_DIRECT_OBJC_ISA_USAGE = YES_ERROR;
				CLANG_WARN_DOCUMENTATION_COMMENTS = YES;
				CLANG_WARN_EMPTY_BODY = YES;
				CLANG_WARN_ENUM_CONVERSION = YES;
				CLANG_WARN_INFINITE_RECURSION = YES;
				CLANG_WARN_INT_CONVERSION = YES;
				CLANG_WARN_NON_LITERAL_NULL_CONVERSION = YES;
				CLANG_WARN_OBJC_IMPLICIT_RETAIN_SELF = YES;
				CLANG_WARN_OBJC_LITERAL_CONVERSION = YES;
				CLANG_WARN_OBJC_ROOT_CLASS = YES_ERROR;
				CLANG_WARN_QUOTED_INCLUDE_IN_FRAMEWORK_HEADER = YES;
				CLANG_WARN_RANGE_LOOP_ANALYSIS = YES;
				CLANG_WARN_STRICT_PROTOTYPES = YES;
				CLANG_WARN_SUSPICIOUS_MOVE = YES;
				CLANG_WARN_UNGUARDED_AVAILABILITY = YES_AGGRESSIVE;
				CLANG_WARN_UNREACHABLE_CODE = YES;
				CLANG_WARN__DUPLICATE_METHOD_MATCH = YES;
				COPY_PHASE_STRIP = NO;
				DEBUG_INFORMATION_FORMAT = "dwarf-with-dsym";
				ENABLE_NS_ASSERTIONS = NO;
				ENABLE_STRICT_OBJC_MSGSEND = YES;
				GCC_C_LANGUAGE_STANDARD = gnu11;
				GCC_NO_COMMON_BLOCKS = YES;
				GCC_WARN_64_TO_32_BIT_CONVERSION = YES;
				GCC_WARN_ABOUT_RETURN_TYPE = YES_ERROR;
				GCC_WARN_UNDECLARED_SELECTOR = YES;
				GCC_WARN_UNINITIALIZED_AUTOS = YES_AGGRESSIVE;
				GCC_WARN_UNUSED_FUNCTION = YES;
				GCC_WARN_UNUSED_VARIABLE = YES;
				MTL_ENABLE_DEBUG_INFO = NO;
				MTL_FAST_MATH = YES;
				SWIFT_COMPILATION_MODE = wholemodule;
				SWIFT_OPTIMIZATION_LEVEL = "-O";
			};
			name = Release;
		};
		133E962425ABFFDC00BB1235 /* Debug */ = {
			isa = XCBuildConfiguration;
			buildSettings = {
				ASSETCATALOG_COMPILER_APPICON_NAME = AppIcon;
				ASSETCATALOG_COMPILER_GLOBAL_ACCENT_COLOR_NAME = AccentColor;
				CODE_SIGN_STYLE = Automatic;
				DEVELOPMENT_TEAM = 59YR773YD3;
				ENABLE_PREVIEWS = YES;
				INFOPLIST_FILE = iOS/Info.plist;
				IPHONEOS_DEPLOYMENT_TARGET = 14.0;
				LD_RUNPATH_SEARCH_PATHS = (
					"$(inherited)",
					"@executable_path/Frameworks",
				);
				PRODUCT_BUNDLE_IDENTIFIER = senecat.islandconqueset;
				PRODUCT_NAME = islandconqueset;
				SDKROOT = iphoneos;
				SWIFT_VERSION = 5.0;
				TARGETED_DEVICE_FAMILY = "1,2";
			};
			name = Debug;
		};
		133E962525ABFFDC00BB1235 /* Release */ = {
			isa = XCBuildConfiguration;
			buildSettings = {
				ASSETCATALOG_COMPILER_APPICON_NAME = AppIcon;
				ASSETCATALOG_COMPILER_GLOBAL_ACCENT_COLOR_NAME = AccentColor;
				CODE_SIGN_STYLE = Automatic;
				DEVELOPMENT_TEAM = 59YR773YD3;
				ENABLE_PREVIEWS = YES;
				INFOPLIST_FILE = iOS/Info.plist;
				IPHONEOS_DEPLOYMENT_TARGET = 14.0;
				LD_RUNPATH_SEARCH_PATHS = (
					"$(inherited)",
					"@executable_path/Frameworks",
				);
				PRODUCT_BUNDLE_IDENTIFIER = senecat.islandconqueset;
				PRODUCT_NAME = islandconqueset;
				SDKROOT = iphoneos;
				SWIFT_VERSION = 5.0;
				TARGETED_DEVICE_FAMILY = "1,2";
				VALIDATE_PRODUCT = YES;
			};
			name = Release;
		};
		133E962725ABFFDC00BB1235 /* Debug */ = {
			isa = XCBuildConfiguration;
			buildSettings = {
				ASSETCATALOG_COMPILER_APPICON_NAME = AppIcon;
				ASSETCATALOG_COMPILER_GLOBAL_ACCENT_COLOR_NAME = AccentColor;
				CODE_SIGN_ENTITLEMENTS = macOS/macOS.entitlements;
				CODE_SIGN_STYLE = Automatic;
				COMBINE_HIDPI_IMAGES = YES;
				DEVELOPMENT_TEAM = 59YR773YD3;
				ENABLE_HARDENED_RUNTIME = YES;
				ENABLE_PREVIEWS = YES;
				INFOPLIST_FILE = macOS/Info.plist;
				LD_RUNPATH_SEARCH_PATHS = (
					"$(inherited)",
					"@executable_path/../Frameworks",
				);
				MACOSX_DEPLOYMENT_TARGET = 11.0;
				PRODUCT_BUNDLE_IDENTIFIER = senecat.islandconqueset;
				PRODUCT_NAME = islandconqueset;
				SDKROOT = macosx;
				SWIFT_VERSION = 5.0;
			};
			name = Debug;
		};
		133E962825ABFFDC00BB1235 /* Release */ = {
			isa = XCBuildConfiguration;
			buildSettings = {
				ASSETCATALOG_COMPILER_APPICON_NAME = AppIcon;
				ASSETCATALOG_COMPILER_GLOBAL_ACCENT_COLOR_NAME = AccentColor;
				CODE_SIGN_ENTITLEMENTS = macOS/macOS.entitlements;
				CODE_SIGN_STYLE = Automatic;
				COMBINE_HIDPI_IMAGES = YES;
				DEVELOPMENT_TEAM = 59YR773YD3;
				ENABLE_HARDENED_RUNTIME = YES;
				ENABLE_PREVIEWS = YES;
				INFOPLIST_FILE = macOS/Info.plist;
				LD_RUNPATH_SEARCH_PATHS = (
					"$(inherited)",
					"@executable_path/../Frameworks",
				);
				MACOSX_DEPLOYMENT_TARGET = 11.0;
				PRODUCT_BUNDLE_IDENTIFIER = senecat.islandconqueset;
				PRODUCT_NAME = islandconqueset;
				SDKROOT = macosx;
				SWIFT_VERSION = 5.0;
			};
			name = Release;
		};
		133E962A25ABFFDC00BB1235 /* Debug */ = {
			isa = XCBuildConfiguration;
			buildSettings = {
				ALWAYS_EMBED_SWIFT_STANDARD_LIBRARIES = YES;
				CODE_SIGN_STYLE = Automatic;
				DEVELOPMENT_TEAM = 59YR773YD3;
				INFOPLIST_FILE = "Tests iOS/Info.plist";
				IPHONEOS_DEPLOYMENT_TARGET = 14.3;
				LD_RUNPATH_SEARCH_PATHS = (
					"$(inherited)",
					"@executable_path/Frameworks",
					"@loader_path/Frameworks",
				);
				PRODUCT_BUNDLE_IDENTIFIER = "senecat.Tests-iOS";
				PRODUCT_NAME = "$(TARGET_NAME)";
				SDKROOT = iphoneos;
				SWIFT_VERSION = 5.0;
				TARGETED_DEVICE_FAMILY = "1,2";
				TEST_TARGET_NAME = "islandconqueset (iOS)";
			};
			name = Debug;
		};
		133E962B25ABFFDC00BB1235 /* Release */ = {
			isa = XCBuildConfiguration;
			buildSettings = {
				ALWAYS_EMBED_SWIFT_STANDARD_LIBRARIES = YES;
				CODE_SIGN_STYLE = Automatic;
				DEVELOPMENT_TEAM = 59YR773YD3;
				INFOPLIST_FILE = "Tests iOS/Info.plist";
				IPHONEOS_DEPLOYMENT_TARGET = 14.3;
				LD_RUNPATH_SEARCH_PATHS = (
					"$(inherited)",
					"@executable_path/Frameworks",
					"@loader_path/Frameworks",
				);
				PRODUCT_BUNDLE_IDENTIFIER = "senecat.Tests-iOS";
				PRODUCT_NAME = "$(TARGET_NAME)";
				SDKROOT = iphoneos;
				SWIFT_VERSION = 5.0;
				TARGETED_DEVICE_FAMILY = "1,2";
				TEST_TARGET_NAME = "islandconqueset (iOS)";
				VALIDATE_PRODUCT = YES;
			};
			name = Release;
		};
		133E962D25ABFFDC00BB1235 /* Debug */ = {
			isa = XCBuildConfiguration;
			buildSettings = {
				ALWAYS_EMBED_SWIFT_STANDARD_LIBRARIES = YES;
				CODE_SIGN_STYLE = Automatic;
				COMBINE_HIDPI_IMAGES = YES;
				DEVELOPMENT_TEAM = 59YR773YD3;
				INFOPLIST_FILE = "Tests macOS/Info.plist";
				LD_RUNPATH_SEARCH_PATHS = (
					"$(inherited)",
					"@executable_path/../Frameworks",
					"@loader_path/../Frameworks",
				);
				MACOSX_DEPLOYMENT_TARGET = 11.1;
				PRODUCT_BUNDLE_IDENTIFIER = "senecat.Tests-macOS";
				PRODUCT_NAME = "$(TARGET_NAME)";
				SDKROOT = macosx;
				SWIFT_VERSION = 5.0;
				TEST_TARGET_NAME = "islandconqueset (macOS)";
			};
			name = Debug;
		};
		133E962E25ABFFDC00BB1235 /* Release */ = {
			isa = XCBuildConfiguration;
			buildSettings = {
				ALWAYS_EMBED_SWIFT_STANDARD_LIBRARIES = YES;
				CODE_SIGN_STYLE = Automatic;
				COMBINE_HIDPI_IMAGES = YES;
				DEVELOPMENT_TEAM = 59YR773YD3;
				INFOPLIST_FILE = "Tests macOS/Info.plist";
				LD_RUNPATH_SEARCH_PATHS = (
					"$(inherited)",
					"@executable_path/../Frameworks",
					"@loader_path/../Frameworks",
				);
				MACOSX_DEPLOYMENT_TARGET = 11.1;
				PRODUCT_BUNDLE_IDENTIFIER = "senecat.Tests-macOS";
				PRODUCT_NAME = "$(TARGET_NAME)";
				SDKROOT = macosx;
				SWIFT_VERSION = 5.0;
				TEST_TARGET_NAME = "islandconqueset (macOS)";
			};
			name = Release;
		};
/* End XCBuildConfiguration section */

/* Begin XCConfigurationList section */
		133E95F025ABFFDB00BB1235 /* Build configuration list for PBXProject "islandconqueset" */ = {
			isa = XCConfigurationList;
			buildConfigurations = (
				133E962125ABFFDC00BB1235 /* Debug */,
				133E962225ABFFDC00BB1235 /* Release */,
			);
			defaultConfigurationIsVisible = 0;
			defaultConfigurationName = Release;
		};
		133E962325ABFFDC00BB1235 /* Build configuration list for PBXNativeTarget "islandconqueset (iOS)" */ = {
			isa = XCConfigurationList;
			buildConfigurations = (
				133E962425ABFFDC00BB1235 /* Debug */,
				133E962525ABFFDC00BB1235 /* Release */,
			);
			defaultConfigurationIsVisible = 0;
			defaultConfigurationName = Release;
		};
		133E962625ABFFDC00BB1235 /* Build configuration list for PBXNativeTarget "islandconqueset (macOS)" */ = {
			isa = XCConfigurationList;
			buildConfigurations = (
				133E962725ABFFDC00BB1235 /* Debug */,
				133E962825ABFFDC00BB1235 /* Release */,
			);
			defaultConfigurationIsVisible = 0;
			defaultConfigurationName = Release;
		};
		133E962925ABFFDC00BB1235 /* Build configuration list for PBXNativeTarget "Tests iOS" */ = {
			isa = XCConfigurationList;
			buildConfigurations = (
				133E962A25ABFFDC00BB1235 /* Debug */,
				133E962B25ABFFDC00BB1235 /* Release */,
			);
			defaultConfigurationIsVisible = 0;
			defaultConfigurationName = Release;
		};
		133E962C25ABFFDC00BB1235 /* Build configuration list for PBXNativeTarget "Tests macOS" */ = {
			isa = XCConfigurationList;
			buildConfigurations = (
				133E962D25ABFFDC00BB1235 /* Debug */,
				133E962E25ABFFDC00BB1235 /* Release */,
			);
			defaultConfigurationIsVisible = 0;
			defaultConfigurationName = Release;
		};
/* End XCConfigurationList section */
	};
	rootObject = 133E95ED25ABFFDB00BB1235 /* Project object */;
}
